
Microsoft Visual Studio Solution File, Format Version 12.00
# Visual Studio Version 17
VisualStudioVersion = 17.3.32901.215
MinimumVisualStudioVersion = 10.0.40219.1
Project("{9A19103F-16F7-4668-BE54-9A1E7A4F7556}") = "TopCourses", "TopCourses\TopCourses.csproj", "{A61E1017-1901-4B24-A6C2-66C9F655344F}"
EndProject
Project("{FAE04EC0-301F-11D3-BF4B-00C04F79EFBC}") = "TopCourses.Core", "TopCourses.Core\TopCourses.Core.csproj", "{02ADE8DC-D2E6-4723-A316-6976F0D6809D}"
EndProject
Project("{FAE04EC0-301F-11D3-BF4B-00C04F79EFBC}") = "TopCourses.Infrastructure", "TopCourses.Infrastructure\TopCourses.Infrastructure.csproj", "{9506D2B7-6980-47C0-90B5-508927C04B5B}"
EndProject
Global
	GlobalSection(SolutionConfigurationPlatforms) = preSolution
		Debug|Any CPU = Debug|Any CPU
		Release|Any CPU = Release|Any CPU
	EndGlobalSection
	GlobalSection(ProjectConfigurationPlatforms) = postSolution
		{A61E1017-1901-4B24-A6C2-66C9F655344F}.Debug|Any CPU.ActiveCfg = Debug|Any CPU
		{A61E1017-1901-4B24-A6C2-66C9F655344F}.Debug|Any CPU.Build.0 = Debug|Any CPU
		{A61E1017-1901-4B24-A6C2-66C9F655344F}.Release|Any CPU.ActiveCfg = Release|Any CPU
		{A61E1017-1901-4B24-A6C2-66C9F655344F}.Release|Any CPU.Build.0 = Release|Any CPU
		{02ADE8DC-D2E6-4723-A316-6976F0D6809D}.Debug|Any CPU.ActiveCfg = Debug|Any CPU
		{02ADE8DC-D2E6-4723-A316-6976F0D6809D}.Debug|Any CPU.Build.0 = Debug|Any CPU
		{02ADE8DC-D2E6-4723-A316-6976F0D6809D}.Release|Any CPU.ActiveCfg = Release|Any CPU
		{02ADE8DC-D2E6-4723-A316-6976F0D6809D}.Release|Any CPU.Build.0 = Release|Any CPU
		{9506D2B7-6980-47C0-90B5-508927C04B5B}.Debug|Any CPU.ActiveCfg = Debug|Any CPU
		{9506D2B7-6980-47C0-90B5-508927C04B5B}.Debug|Any CPU.Build.0 = Debug|Any CPU
		{9506D2B7-6980-47C0-90B5-508927C04B5B}.Release|Any CPU.ActiveCfg = Release|Any CPU
		{9506D2B7-6980-47C0-90B5-508927C04B5B}.Release|Any CPU.Build.0 = Release|Any CPU
	EndGlobalSection
	GlobalSection(SolutionProperties) = preSolution
		HideSolutionNode = FALSE
	EndGlobalSection
	GlobalSection(ExtensibilityGlobals) = postSolution
		SolutionGuid = {98E0D728-D148-43A6-A372-2EE29B05D1FA}
	EndGlobalSection
EndGlobal
